// !$*UTF8*$!
{
	archiveVersion = 1;
	classes = {
	};
	objectVersion = 46;
	objects = {

/* Begin PBXBuildFile section */
		91480A811AEF1125006A6EC1 /* AppDelegate.swift in Sources */ = {isa = PBXBuildFile; fileRef = 91480A801AEF1125006A6EC1 /* AppDelegate.swift */; };
		91480A831AEF1125006A6EC1 /* ViewController.swift in Sources */ = {isa = PBXBuildFile; fileRef = 91480A821AEF1125006A6EC1 /* ViewController.swift */; };
		91480A861AEF1125006A6EC1 /* Main.storyboard in Resources */ = {isa = PBXBuildFile; fileRef = 91480A841AEF1125006A6EC1 /* Main.storyboard */; };
		91480A881AEF1125006A6EC1 /* Images.xcassets in Resources */ = {isa = PBXBuildFile; fileRef = 91480A871AEF1125006A6EC1 /* Images.xcassets */; };
		91480A8B1AEF1125006A6EC1 /* LaunchScreen.xib in Resources */ = {isa = PBXBuildFile; fileRef = 91480A891AEF1125006A6EC1 /* LaunchScreen.xib */; };
		91480A971AEF1126006A6EC1 /* FABDemoTests.swift in Sources */ = {isa = PBXBuildFile; fileRef = 91480A961AEF1126006A6EC1 /* FABDemoTests.swift */; };
		91480AA11AEF1135006A6EC1 /* FABView.swift in Sources */ = {isa = PBXBuildFile; fileRef = 91480AA01AEF1135006A6EC1 /* FABView.swift */; };
		91DEF0071AF07C550090A618 /* ic_add_black_ios_24dp.png in Resources */ = {isa = PBXBuildFile; fileRef = 91DEF0041AF07C550090A618 /* ic_add_black_ios_24dp.png */; };
		91DEF0081AF07C550090A618 /* ic_add_black_ios_24dp@2x.png in Resources */ = {isa = PBXBuildFile; fileRef = 91DEF0051AF07C550090A618 /* ic_add_black_ios_24dp@2x.png */; };
		91DEF0091AF07C550090A618 /* ic_add_black_ios_24dp@3x.png in Resources */ = {isa = PBXBuildFile; fileRef = 91DEF0061AF07C550090A618 /* ic_add_black_ios_24dp@3x.png */; };
		F4AE5961FB9F27D9908AA875 /* libPods.a in Frameworks */ = {isa = PBXBuildFile; fileRef = 9CD2E714B366C22A30D6D63F /* libPods.a */; };
/* End PBXBuildFile section */

/* Begin PBXContainerItemProxy section */
		91480A911AEF1126006A6EC1 /* PBXContainerItemProxy */ = {
			isa = PBXContainerItemProxy;
			containerPortal = 91480A731AEF1125006A6EC1 /* Project object */;
			proxyType = 1;
			remoteGlobalIDString = 91480A7A1AEF1125006A6EC1;
			remoteInfo = FABDemo;
		};
/* End PBXContainerItemProxy section */

/* Begin PBXFileReference section */
		0D40895FBA128778E27EB71D /* Pods.release.xcconfig */ = {isa = PBXFileReference; includeInIndex = 1; lastKnownFileType = text.xcconfig; name = Pods.release.xcconfig; path = "Pods/Target Support Files/Pods/Pods.release.xcconfig"; sourceTree = "<group>"; };
		8A712B83567009C82B9E6440 /* Pods.debug.xcconfig */ = {isa = PBXFileReference; includeInIndex = 1; lastKnownFileType = text.xcconfig; name = Pods.debug.xcconfig; path = "Pods/Target Support Files/Pods/Pods.debug.xcconfig"; sourceTree = "<group>"; };
		91480A7B1AEF1125006A6EC1 /* FABDemo.app */ = {isa = PBXFileReference; explicitFileType = wrapper.application; includeInIndex = 0; path = FABDemo.app; sourceTree = BUILT_PRODUCTS_DIR; };
		91480A7F1AEF1125006A6EC1 /* Info.plist */ = {isa = PBXFileReference; lastKnownFileType = text.plist.xml; path = Info.plist; sourceTree = "<group>"; };
		91480A801AEF1125006A6EC1 /* AppDelegate.swift */ = {isa = PBXFileReference; lastKnownFileType = sourcecode.swift; path = AppDelegate.swift; sourceTree = "<group>"; };
		91480A821AEF1125006A6EC1 /* ViewController.swift */ = {isa = PBXFileReference; lastKnownFileType = sourcecode.swift; path = ViewController.swift; sourceTree = "<group>"; };
		91480A851AEF1125006A6EC1 /* Base */ = {isa = PBXFileReference; lastKnownFileType = file.storyboard; name = Base; path = Base.lproj/Main.storyboard; sourceTree = "<group>"; };
		91480A871AEF1125006A6EC1 /* Images.xcassets */ = {isa = PBXFileReference; lastKnownFileType = folder.assetcatalog; path = Images.xcassets; sourceTree = "<group>"; };
		91480A8A1AEF1125006A6EC1 /* Base */ = {isa = PBXFileReference; lastKnownFileType = file.xib; name = Base; path = Base.lproj/LaunchScreen.xib; sourceTree = "<group>"; };
		91480A901AEF1126006A6EC1 /* FABDemoTests.xctest */ = {isa = PBXFileReference; explicitFileType = wrapper.cfbundle; includeInIndex = 0; path = FABDemoTests.xctest; sourceTree = BUILT_PRODUCTS_DIR; };
		91480A951AEF1126006A6EC1 /* Info.plist */ = {isa = PBXFileReference; lastKnownFileType = text.plist.xml; path = Info.plist; sourceTree = "<group>"; };
		91480A961AEF1126006A6EC1 /* FABDemoTests.swift */ = {isa = PBXFileReference; lastKnownFileType = sourcecode.swift; path = FABDemoTests.swift; sourceTree = "<group>"; };
		91480AA01AEF1135006A6EC1 /* FABView.swift */ = {isa = PBXFileReference; fileEncoding = 4; lastKnownFileType = sourcecode.swift; path = FABView.swift; sourceTree = "<group>"; };
		916BFF511AEF5FEA00F495C8 /* FABDemo-Bridging-Header.h */ = {isa = PBXFileReference; lastKnownFileType = sourcecode.c.h; path = "FABDemo-Bridging-Header.h"; sourceTree = "<group>"; };
		91DEF0041AF07C550090A618 /* ic_add_black_ios_24dp.png */ = {isa = PBXFileReference; lastKnownFileType = image.png; name = ic_add_black_ios_24dp.png; path = ../../../Downloads/ic_add/ic_add_black_ios_24dp.png; sourceTree = "<group>"; };
		91DEF0051AF07C550090A618 /* ic_add_black_ios_24dp@2x.png */ = {isa = PBXFileReference; lastKnownFileType = image.png; name = "ic_add_black_ios_24dp@2x.png"; path = "../../../Downloads/ic_add/ic_add_black_ios_24dp@2x.png"; sourceTree = "<group>"; };
		91DEF0061AF07C550090A618 /* ic_add_black_ios_24dp@3x.png */ = {isa = PBXFileReference; lastKnownFileType = image.png; name = "ic_add_black_ios_24dp@3x.png"; path = "../../../Downloads/ic_add/ic_add_black_ios_24dp@3x.png"; sourceTree = "<group>"; };
		9CD2E714B366C22A30D6D63F /* libPods.a */ = {isa = PBXFileReference; explicitFileType = archive.ar; includeInIndex = 0; path = libPods.a; sourceTree = BUILT_PRODUCTS_DIR; };
/* End PBXFileReference section */

/* Begin PBXFrameworksBuildPhase section */
		91480A781AEF1125006A6EC1 /* Frameworks */ = {
			isa = PBXFrameworksBuildPhase;
			buildActionMask = 2147483647;
			files = (
				F4AE5961FB9F27D9908AA875 /* libPods.a in Frameworks */,
			);
			runOnlyForDeploymentPostprocessing = 0;
		};
		91480A8D1AEF1126006A6EC1 /* Frameworks */ = {
			isa = PBXFrameworksBuildPhase;
			buildActionMask = 2147483647;
			files = (
			);
			runOnlyForDeploymentPostprocessing = 0;
		};
/* End PBXFrameworksBuildPhase section */

/* Begin PBXGroup section */
		91480A721AEF1125006A6EC1 = {
			isa = PBXGroup;
			children = (
				91480A7D1AEF1125006A6EC1 /* FABDemo */,
				91480A931AEF1126006A6EC1 /* FABDemoTests */,
				91480A7C1AEF1125006A6EC1 /* Products */,
				C73E6AF92E76418C9913742C /* Pods */,
				B109F11A8424E142D42829DC /* Frameworks */,
			);
			sourceTree = "<group>";
		};
		91480A7C1AEF1125006A6EC1 /* Products */ = {
			isa = PBXGroup;
			children = (
				91480A7B1AEF1125006A6EC1 /* FABDemo.app */,
				91480A901AEF1126006A6EC1 /* FABDemoTests.xctest */,
			);
			name = Products;
			sourceTree = "<group>";
		};
		91480A7D1AEF1125006A6EC1 /* FABDemo */ = {
			isa = PBXGroup;
			children = (
				91DEF0041AF07C550090A618 /* ic_add_black_ios_24dp.png */,
				91DEF0051AF07C550090A618 /* ic_add_black_ios_24dp@2x.png */,
				91DEF0061AF07C550090A618 /* ic_add_black_ios_24dp@3x.png */,
				91480A801AEF1125006A6EC1 /* AppDelegate.swift */,
				91480A821AEF1125006A6EC1 /* ViewController.swift */,
				91480AA01AEF1135006A6EC1 /* FABView.swift */,
				916BFF511AEF5FEA00F495C8 /* FABDemo-Bridging-Header.h */,
				91480A841AEF1125006A6EC1 /* Main.storyboard */,
				91480A871AEF1125006A6EC1 /* Images.xcassets */,
				91480A891AEF1125006A6EC1 /* LaunchScreen.xib */,
				91480A7E1AEF1125006A6EC1 /* Supporting Files */,
			);
			path = FABDemo;
			sourceTree = "<group>";
		};
		91480A7E1AEF1125006A6EC1 /* Supporting Files */ = {
			isa = PBXGroup;
			children = (
				91480A7F1AEF1125006A6EC1 /* Info.plist */,
			);
			name = "Supporting Files";
			sourceTree = "<group>";
		};
		91480A931AEF1126006A6EC1 /* FABDemoTests */ = {
			isa = PBXGroup;
			children = (
				91480A961AEF1126006A6EC1 /* FABDemoTests.swift */,
				91480A941AEF1126006A6EC1 /* Supporting Files */,
			);
			path = FABDemoTests;
			sourceTree = "<group>";
		};
		91480A941AEF1126006A6EC1 /* Supporting Files */ = {
			isa = PBXGroup;
			children = (
				91480A951AEF1126006A6EC1 /* Info.plist */,
			);
			name = "Supporting Files";
			sourceTree = "<group>";
		};
		B109F11A8424E142D42829DC /* Frameworks */ = {
			isa = PBXGroup;
			children = (
				9CD2E714B366C22A30D6D63F /* libPods.a */,
			);
			name = Frameworks;
			sourceTree = "<group>";
		};
		C73E6AF92E76418C9913742C /* Pods */ = {
			isa = PBXGroup;
			children = (
				8A712B83567009C82B9E6440 /* Pods.debug.xcconfig */,
				0D40895FBA128778E27EB71D /* Pods.release.xcconfig */,
			);
			name = Pods;
			sourceTree = "<group>";
		};
/* End PBXGroup section */

/* Begin PBXNativeTarget section */
		91480A7A1AEF1125006A6EC1 /* FABDemo */ = {
			isa = PBXNativeTarget;
			buildConfigurationList = 91480A9A1AEF1126006A6EC1 /* Build configuration list for PBXNativeTarget "FABDemo" */;
			buildPhases = (
				9FD2FFBB6753ED6DC9DC4484 /* Check Pods Manifest.lock */,
				91480A771AEF1125006A6EC1 /* Sources */,
				91480A781AEF1125006A6EC1 /* Frameworks */,
				91480A791AEF1125006A6EC1 /* Resources */,
				D1DC2CB2A2AA4FD464D63A42 /* Copy Pods Resources */,
			);
			buildRules = (
			);
			dependencies = (
			);
			name = FABDemo;
			productName = FABDemo;
			productReference = 91480A7B1AEF1125006A6EC1 /* FABDemo.app */;
			productType = "com.apple.product-type.application";
		};
		91480A8F1AEF1126006A6EC1 /* FABDemoTests */ = {
			isa = PBXNativeTarget;
			buildConfigurationList = 91480A9D1AEF1126006A6EC1 /* Build configuration list for PBXNativeTarget "FABDemoTests" */;
			buildPhases = (
				91480A8C1AEF1126006A6EC1 /* Sources */,
				91480A8D1AEF1126006A6EC1 /* Frameworks */,
				91480A8E1AEF1126006A6EC1 /* Resources */,
			);
			buildRules = (
			);
			dependencies = (
				91480A921AEF1126006A6EC1 /* PBXTargetDependency */,
			);
			name = FABDemoTests;
			productName = FABDemoTests;
			productReference = 91480A901AEF1126006A6EC1 /* FABDemoTests.xctest */;
			productType = "com.apple.product-type.bundle.unit-test";
		};
/* End PBXNativeTarget section */

/* Begin PBXProject section */
		91480A731AEF1125006A6EC1 /* Project object */ = {
			isa = PBXProject;
			attributes = {
				LastUpgradeCheck = 0630;
				ORGANIZATIONNAME = "Gaurav Khanna";
				TargetAttributes = {
					91480A7A1AEF1125006A6EC1 = {
						CreatedOnToolsVersion = 6.3.1;
					};
					91480A8F1AEF1126006A6EC1 = {
						CreatedOnToolsVersion = 6.3.1;
						TestTargetID = 91480A7A1AEF1125006A6EC1;
					};
				};
			};
			buildConfigurationList = 91480A761AEF1125006A6EC1 /* Build configuration list for PBXProject "FABDemo" */;
			compatibilityVersion = "Xcode 3.2";
			developmentRegion = English;
			hasScannedForEncodings = 0;
			knownRegions = (
				en,
				Base,
			);
			mainGroup = 91480A721AEF1125006A6EC1;
			productRefGroup = 91480A7C1AEF1125006A6EC1 /* Products */;
			projectDirPath = "";
			projectRoot = "";
			targets = (
				91480A7A1AEF1125006A6EC1 /* FABDemo */,
				91480A8F1AEF1126006A6EC1 /* FABDemoTests */,
			);
		};
/* End PBXProject section */

/* Begin PBXResourcesBuildPhase section */
		91480A791AEF1125006A6EC1 /* Resources */ = {
			isa = PBXResourcesBuildPhase;
			buildActionMask = 2147483647;
			files = (
				91480A861AEF1125006A6EC1 /* Main.storyboard in Resources */,
				91480A8B1AEF1125006A6EC1 /* LaunchScreen.xib in Resources */,
				91DEF0081AF07C550090A618 /* ic_add_black_ios_24dp@2x.png in Resources */,
				91DEF0091AF07C550090A618 /* ic_add_black_ios_24dp@3x.png in Resources */,
				91480A881AEF1125006A6EC1 /* Images.xcassets in Resources */,
				91DEF0071AF07C550090A618 /* ic_add_black_ios_24dp.png in Resources */,
			);
			runOnlyForDeploymentPostprocessing = 0;
		};
		91480A8E1AEF1126006A6EC1 /* Resources */ = {
			isa = PBXResourcesBuildPhase;
			buildActionMask = 2147483647;
			files = (
			);
			runOnlyForDeploymentPostprocessing = 0;
		};
/* End PBXResourcesBuildPhase section */

/* Begin PBXShellScriptBuildPhase section */
		9FD2FFBB6753ED6DC9DC4484 /* Check Pods Manifest.lock */ = {
			isa = PBXShellScriptBuildPhase;
			buildActionMask = 2147483647;
			files = (
			);
			inputPaths = (
			);
			name = "Check Pods Manifest.lock";
			outputPaths = (
			);
			runOnlyForDeploymentPostprocessing = 0;
			shellPath = /bin/sh;
			shellScript = "diff \"${PODS_ROOT}/../Podfile.lock\" \"${PODS_ROOT}/Manifest.lock\" > /dev/null\nif [[ $? != 0 ]] ; then\n    cat << EOM\nerror: The sandbox is not in sync with the Podfile.lock. Run 'pod install' or update your CocoaPods installation.\nEOM\n    exit 1\nfi\n";
			showEnvVarsInLog = 0;
		};
		D1DC2CB2A2AA4FD464D63A42 /* Copy Pods Resources */ = {
			isa = PBXShellScriptBuildPhase;
			buildActionMask = 2147483647;
			files = (
			);
			inputPaths = (
			);
			name = "Copy Pods Resources";
			outputPaths = (
			);
			runOnlyForDeploymentPostprocessing = 0;
			shellPath = /bin/sh;
			shellScript = "\"${SRCROOT}/Pods/Target Support Files/Pods/Pods-resources.sh\"\n";
			showEnvVarsInLog = 0;
		};
/* End PBXShellScriptBuildPhase section */

/* Begin PBXSourcesBuildPhase section */
		91480A771AEF1125006A6EC1 /* Sources */ = {
			isa = PBXSourcesBuildPhase;
			buildActionMask = 2147483647;
			files = (
				91480AA11AEF1135006A6EC1 /* FABView.swift in Sources */,
				91480A831AEF1125006A6EC1 /* ViewController.swift in Sources */,
				91480A811AEF1125006A6EC1 /* AppDelegate.swift in Sources */,
			);
			runOnlyForDeploymentPostprocessing = 0;
		};
		91480A8C1AEF1126006A6EC1 /* Sources */ = {
			isa = PBXSourcesBuildPhase;
			buildActionMask = 2147483647;
			files = (
				91480A971AEF1126006A6EC1 /* FABDemoTests.swift in Sources */,
			);
			runOnlyForDeploymentPostprocessing = 0;
		};
/* End PBXSourcesBuildPhase section */

/* Begin PBXTargetDependency section */
		91480A921AEF1126006A6EC1 /* PBXTargetDependency */ = {
			isa = PBXTargetDependency;
			target = 91480A7A1AEF1125006A6EC1 /* FABDemo */;
			targetProxy = 91480A911AEF1126006A6EC1 /* PBXContainerItemProxy */;
		};
/* End PBXTargetDependency section */

/* Begin PBXVariantGroup section */
		91480A841AEF1125006A6EC1 /* Main.storyboard */ = {
			isa = PBXVariantGroup;
			children = (
				91480A851AEF1125006A6EC1 /* Base */,
			);
			name = Main.storyboard;
			sourceTree = "<group>";
		};
		91480A891AEF1125006A6EC1 /* LaunchScreen.xib */ = {
			isa = PBXVariantGroup;
			children = (
				91480A8A1AEF1125006A6EC1 /* Base */,
			);
			name = LaunchScreen.xib;
			sourceTree = "<group>";
		};
/* End PBXVariantGroup section */

/* Begin XCBuildConfiguration section */
		91480A981AEF1126006A6EC1 /* Debug */ = {
			isa = XCBuildConfiguration;
			buildSettings = {
				ALWAYS_SEARCH_USER_PATHS = NO;
				CLANG_CXX_LANGUAGE_STANDARD = "gnu++0x";
				CLANG_CXX_LIBRARY = "libc++";
				CLANG_ENABLE_MODULES = YES;
				CLANG_ENABLE_OBJC_ARC = YES;
				CLANG_WARN_BOOL_CONVERSION = YES;
				CLANG_WARN_CONSTANT_CONVERSION = YES;
				CLANG_WARN_DIRECT_OBJC_ISA_USAGE = YES_ERROR;
				CLANG_WARN_EMPTY_BODY = YES;
				CLANG_WARN_ENUM_CONVERSION = YES;
				CLANG_WARN_INT_CONVERSION = YES;
				CLANG_WARN_OBJC_ROOT_CLASS = YES_ERROR;
				CLANG_WARN_UNREACHABLE_CODE = YES;
				CLANG_WARN__DUPLICATE_METHOD_MATCH = YES;
				"CODE_SIGN_IDENTITY[sdk=iphoneos*]" = "iPhone Developer";
				COPY_PHASE_STRIP = NO;
				DEBUG_INFORMATION_FORMAT = "dwarf-with-dsym";
				ENABLE_STRICT_OBJC_MSGSEND = YES;
				GCC_C_LANGUAGE_STANDARD = gnu99;
				GCC_DYNAMIC_NO_PIC = NO;
				GCC_NO_COMMON_BLOCKS = YES;
				GCC_OPTIMIZATION_LEVEL = 0;
				GCC_PREPROCESSOR_DEFINITIONS = (
					"DEBUG=1",
					"$(inherited)",
				);
				GCC_SYMBOLS_PRIVATE_EXTERN = NO;
				GCC_WARN_64_TO_32_BIT_CONVERSION = YES;
				GCC_WARN_ABOUT_RETURN_TYPE = YES_ERROR;
				GCC_WARN_UNDECLARED_SELECTOR = YES;
				GCC_WARN_UNINITIALIZED_AUTOS = YES_AGGRESSIVE;
				GCC_WARN_UNUSED_FUNCTION = YES;
				GCC_WARN_UNUSED_VARIABLE = YES;
				IPHONEOS_DEPLOYMENT_TARGET = 8.0;
				MTL_ENABLE_DEBUG_INFO = YES;
				ONLY_ACTIVE_ARCH = YES;
				SDKROOT = iphoneos;
				SWIFT_OPTIMIZATION_LEVEL = "-Onone";
				TARGETED_DEVICE_FAMILY = "1,2";
			};
			name = Debug;
		};
		91480A991AEF1126006A6EC1 /* Release */ = {
			isa = XCBuildConfiguration;
			buildSettings = {
				ALWAYS_SEARCH_USER_PATHS = NO;
				CLANG_CXX_LANGUAGE_STANDARD = "gnu++0x";
				CLANG_CXX_LIBRARY = "libc++";
				CLANG_ENABLE_MODULES = YES;
				CLANG_ENABLE_OBJC_ARC = YES;
				CLANG_WARN_BOOL_CONVERSION = YES;
				CLANG_WARN_CONSTANT_CONVERSION = YES;
				CLANG_WARN_DIRECT_OBJC_ISA_USAGE = YES_ERROR;
				CLANG_WARN_EMPTY_BODY = YES;
				CLANG_WARN_ENUM_CONVERSION = YES;
				CLANG_WARN_INT_CONVERSION = YES;
				CLANG_WARN_OBJC_ROOT_CLASS = YES_ERROR;
				CLANG_WARN_UNREACHABLE_CODE = YES;
				CLANG_WARN__DUPLICATE_METHOD_MATCH = YES;
				"CODE_SIGN_IDENTITY[sdk=iphoneos*]" = "iPhone Developer";
				COPY_PHASE_STRIP = NO;
				DEBUG_INFORMATION_FORMAT = "dwarf-with-dsym";
				ENABLE_NS_ASSERTIONS = NO;
				ENABLE_STRICT_OBJC_MSGSEND = YES;
				GCC_C_LANGUAGE_STANDARD = gnu99;
				GCC_NO_COMMON_BLOCKS = YES;
				GCC_WARN_64_TO_32_BIT_CONVERSION = YES;
				GCC_WARN_ABOUT_RETURN_TYPE = YES_ERROR;
				GCC_WARN_UNDECLARED_SELECTOR = YES;
				GCC_WARN_UNINITIALIZED_AUTOS = YES_AGGRESSIVE;
				GCC_WARN_UNUSED_FUNCTION = YES;
				GCC_WARN_UNUSED_VARIABLE = YES;
				IPHONEOS_DEPLOYMENT_TARGET = 8.0;
				MTL_ENABLE_DEBUG_INFO = NO;
				SDKROOT = iphoneos;
				TARGETED_DEVICE_FAMILY = "1,2";
				VALIDATE_PRODUCT = YES;
			};
			name = Release;
		};
		91480A9B1AEF1126006A6EC1 /* Debug */ = {
			isa = XCBuildConfiguration;
			baseConfigurationReference = 8A712B83567009C82B9E6440 /* Pods.debug.xcconfig */;
			buildSettings = {
				ASSETCATALOG_COMPILER_APPICON_NAME = AppIcon;
				INFOPLIST_FILE = FABDemo/Info.plist;
				IPHONEOS_DEPLOYMENT_TARGET = 8.0;
				LD_RUNPATH_SEARCH_PATHS = "$(inherited) @executable_path/Frameworks";
				PRODUCT_NAME = "$(TARGET_NAME)";
				SWIFT_OBJC_BRIDGING_HEADER = "FABDemo/FABDemo-Bridging-Header.h";
			};
			name = Debug;
		};
		91480A9C1AEF1126006A6EC1 /* Release */ = {
			isa = XCBuildConfiguration;
			baseConfigurationReference = 0D40895FBA128778E27EB71D /* Pods.release.xcconfig */;
			buildSettings = {
				ASSETCATALOG_COMPILER_APPICON_NAME = AppIcon;
				INFOPLIST_FILE = FABDemo/Info.plist;
				IPHONEOS_DEPLOYMENT_TARGET = 8.0;
				LD_RUNPATH_SEARCH_PATHS = "$(inherited) @executable_path/Frameworks";
				PRODUCT_NAME = "$(TARGET_NAME)";
				SWIFT_OBJC_BRIDGING_HEADER = "FABDemo/FABDemo-Bridging-Header.h";
			};
			name = Release;
		};
		91480A9E1AEF1126006A6EC1 /* Debug */ = {
			isa = XCBuildConfiguration;
			buildSettings = {
				BUNDLE_LOADER = "$(TEST_HOST)";
				FRAMEWORK_SEARCH_PATHS = (
					"$(SDKROOT)/Developer/Library/Frameworks",
					"$(inherited)",
				);
				GCC_PREPROCESSOR_DEFINITIONS = (
					"DEBUG=1",
					"$(inherited)",
				);
				INFOPLIST_FILE = FABDemoTests/Info.plist;
				LD_RUNPATH_SEARCH_PATHS = "$(inherited) @executable_path/Frameworks @loader_path/Frameworks";
				PRODUCT_NAME = "$(TARGET_NAME)";
				TEST_HOST = "$(BUILT_PRODUCTS_DIR)/FABDemo.app/FABDemo";
			};
			name = Debug;
		};
		91480A9F1AEF1126006A6EC1 /* Release */ = {
			isa = XCBuildConfiguration;
			buildSettings = {
				BUNDLE_LOADER = "$(TEST_HOST)";
				FRAMEWORK_SEARCH_PATHS = (
					"$(SDKROOT)/Developer/Library/Frameworks",
					"$(inherited)",
				);
				INFOPLIST_FILE = FABDemoTests/Info.plist;
				LD_RUNPATH_SEARCH_PATHS = "$(inherited) @executable_path/Frameworks @loader_path/Frameworks";
				PRODUCT_NAME = "$(TARGET_NAME)";
				TEST_HOST = "$(BUILT_PRODUCTS_DIR)/FABDemo.app/FABDemo";
			};
			name = Release;
		};
/* End XCBuildConfiguration section */

/* Begin XCConfigurationList section */
		91480A761AEF1125006A6EC1 /* Build configuration list for PBXProject "FABDemo" */ = {
			isa = XCConfigurationList;
			buildConfigurations = (
				91480A981AEF1126006A6EC1 /* Debug */,
				91480A991AEF1126006A6EC1 /* Release */,
			);
			defaultConfigurationIsVisible = 0;
			defaultConfigurationName = Release;
		};
		91480A9A1AEF1126006A6EC1 /* Build configuration list for PBXNativeTarget "FABDemo" */ = {
			isa = XCConfigurationList;
			buildConfigurations = (
				91480A9B1AEF1126006A6EC1 /* Debug */,
				91480A9C1AEF1126006A6EC1 /* Release */,
			);
			defaultConfigurationIsVisible = 0;
			defaultConfigurationName = Release;
		};
		91480A9D1AEF1126006A6EC1 /* Build configuration list for PBXNativeTarget "FABDemoTests" */ = {
			isa = XCConfigurationList;
			buildConfigurations = (
				91480A9E1AEF1126006A6EC1 /* Debug */,
				91480A9F1AEF1126006A6EC1 /* Release */,
			);
			defaultConfigurationIsVisible = 0;
			defaultConfigurationName = Release;
		};
/* End XCConfigurationList section */
	};
	rootObject = 91480A731AEF1125006A6EC1 /* Project object */;
}
